
Microsoft Visual Studio Solution File, Format Version 12.00
# Visual Studio 14
VisualStudioVersion = 14.0.25123.0
MinimumVisualStudioVersion = 10.0.40219.1
Project("{FAE04EC0-301F-11D3-BF4B-00C04F79EFBC}") = "DataAccessor", "DataAccessor\DataAccessor.csproj", "{715A9E74-8342-48DC-BA54-467B17F4E66B}"
EndProject
Project("{FAE04EC0-301F-11D3-BF4B-00C04F79EFBC}") = "GridDataDisplay", "GridDataDisplay\GridDataDisplay.csproj", "{5C479805-309C-4FAD-986A-4DE0A5F89A33}"
EndProject
Project("{FAE04EC0-301F-11D3-BF4B-00C04F79EFBC}") = "GridDataDisplay.Tests", "GridDataDisplay.Tests\GridDataDisplay.Tests.csproj", "{6D7BD5EB-14CD-4FD6-90B4-AE18ADE8C064}"
EndProject
Project("{FAE04EC0-301F-11D3-BF4B-00C04F79EFBC}") = "DataTransferObjects", "DataTransferObjects\DataTransferObjects.csproj", "{3B187D04-4F58-4AC4-9F0C-DD0319AEBDBC}"
EndProject
Project("{FAE04EC0-301F-11D3-BF4B-00C04F79EFBC}") = "API", "ItemService\API.csproj", "{DFBDB407-E6A3-44E7-90FB-2C186B1A4526}"
EndProject
Project("{00D1A9C2-B5F0-4AF3-8072-F6C62B433612}") = "ItemDB", "ItemDB\ItemDB.sqlproj", "{35E52FD5-901D-44D8-81C3-421EDC9ACE1C}"
EndProject
Global
	GlobalSection(SolutionConfigurationPlatforms) = preSolution
		Debug|Any CPU = Debug|Any CPU
		Release|Any CPU = Release|Any CPU
	EndGlobalSection
	GlobalSection(ProjectConfigurationPlatforms) = postSolution
		{715A9E74-8342-48DC-BA54-467B17F4E66B}.Debug|Any CPU.ActiveCfg = Debug|Any CPU
		{715A9E74-8342-48DC-BA54-467B17F4E66B}.Debug|Any CPU.Build.0 = Debug|Any CPU
		{715A9E74-8342-48DC-BA54-467B17F4E66B}.Release|Any CPU.ActiveCfg = Release|Any CPU
		{715A9E74-8342-48DC-BA54-467B17F4E66B}.Release|Any CPU.Build.0 = Release|Any CPU
		{5C479805-309C-4FAD-986A-4DE0A5F89A33}.Debug|Any CPU.ActiveCfg = Debug|Any CPU
		{5C479805-309C-4FAD-986A-4DE0A5F89A33}.Debug|Any CPU.Build.0 = Debug|Any CPU
		{5C479805-309C-4FAD-986A-4DE0A5F89A33}.Release|Any CPU.ActiveCfg = Release|Any CPU
		{5C479805-309C-4FAD-986A-4DE0A5F89A33}.Release|Any CPU.Build.0 = Release|Any CPU
		{6D7BD5EB-14CD-4FD6-90B4-AE18ADE8C064}.Debug|Any CPU.ActiveCfg = Debug|Any CPU
		{6D7BD5EB-14CD-4FD6-90B4-AE18ADE8C064}.Debug|Any CPU.Build.0 = Debug|Any CPU
		{6D7BD5EB-14CD-4FD6-90B4-AE18ADE8C064}.Release|Any CPU.ActiveCfg = Release|Any CPU
		{6D7BD5EB-14CD-4FD6-90B4-AE18ADE8C064}.Release|Any CPU.Build.0 = Release|Any CPU
		{3B187D04-4F58-4AC4-9F0C-DD0319AEBDBC}.Debug|Any CPU.ActiveCfg = Debug|Any CPU
		{3B187D04-4F58-4AC4-9F0C-DD0319AEBDBC}.Debug|Any CPU.Build.0 = Debug|Any CPU
		{3B187D04-4F58-4AC4-9F0C-DD0319AEBDBC}.Release|Any CPU.ActiveCfg = Release|Any CPU
		{3B187D04-4F58-4AC4-9F0C-DD0319AEBDBC}.Release|Any CPU.Build.0 = Release|Any CPU
		{DFBDB407-E6A3-44E7-90FB-2C186B1A4526}.Debug|Any CPU.ActiveCfg = Debug|Any CPU
		{DFBDB407-E6A3-44E7-90FB-2C186B1A4526}.Debug|Any CPU.Build.0 = Debug|Any CPU
		{DFBDB407-E6A3-44E7-90FB-2C186B1A4526}.Release|Any CPU.ActiveCfg = Release|Any CPU
		{DFBDB407-E6A3-44E7-90FB-2C186B1A4526}.Release|Any CPU.Build.0 = Release|Any CPU
		{35E52FD5-901D-44D8-81C3-421EDC9ACE1C}.Debug|Any CPU.ActiveCfg = Debug|Any CPU
		{35E52FD5-901D-44D8-81C3-421EDC9ACE1C}.Debug|Any CPU.Build.0 = Debug|Any CPU
		{35E52FD5-901D-44D8-81C3-421EDC9ACE1C}.Debug|Any CPU.Deploy.0 = Debug|Any CPU
		{35E52FD5-901D-44D8-81C3-421EDC9ACE1C}.Release|Any CPU.ActiveCfg = Release|Any CPU
		{35E52FD5-901D-44D8-81C3-421EDC9ACE1C}.Release|Any CPU.Build.0 = Release|Any CPU
		{35E52FD5-901D-44D8-81C3-421EDC9ACE1C}.Release|Any CPU.Deploy.0 = Release|Any CPU
	EndGlobalSection
	GlobalSection(SolutionProperties) = preSolution
		HideSolutionNode = FALSE
	EndGlobalSection
EndGlobal
